{
    "name": "editorsync",
    "version": "0.0.0",
    "lockfileVersion": 1,
    "requires": true,
    "dependencies": {
        "crc": {
            "version": "0.2.1",
            "resolved": "https://registry.npmjs.org/crc/-/crc-0.2.1.tgz",
            "integrity": "sha1-sfER/Dq7m4PTopGmggz26MfvMtc="
        },
        "googlediff": {
            "version": "0.1.0",
            "resolved": "https://registry.npmjs.org/googlediff/-/googlediff-0.1.0.tgz",
            "integrity": "sha1-mazwXMBiI+tmwpAI2B+bLRjCRT0="
        },
        "lodash": {
            "version": "2.4.1",
            "resolved": "http://registry.npmjs.org/lodash/-/lodash-2.4.1.tgz",
            "integrity": "sha1-W3cjA03aTSYuWkb7LFjXzCL3FCA="
        },
        "q": {
            "version": "1.0.1",
            "resolved": "https://registry.npmjs.org/q/-/q-1.0.1.tgz",
            "integrity": "sha1-EYcq7t7okmgRCxCnGESP+xARKhQ="
        }
    }
}
