{
    "name": "chat",
    "version": "0.0.0",
    "lockfileVersion": 1,
    "requires": true,
    "dependencies": {
        "amdefine": {
            "version": "1.0.1",
            "resolved": "https://registry.npmjs.org/amdefine/-/amdefine-1.0.1.tgz",
            "integrity": "sha1-SlKCrBZHKek2Gbz9OtFR+BfOkfU="
        },
        "async": {
            "version": "0.2.10",
            "resolved": "https://registry.npmjs.org/async/-/async-0.2.10.tgz",
            "integrity": "sha1-trvgsGdLnXGXCMo43owjfLUmw9E="
        },
        "camel-case": {
            "version": "1.2.2",
            "resolved": "https://registry.npmjs.org/camel-case/-/camel-case-1.2.2.tgz",
            "integrity": "sha1-Gsp8TRlTWaLOmVV5NDPG5VQlEfI=",
            "requires": {
                "sentence-case": "^1.1.1",
                "upper-case": "^1.1.1"
            }
        },
        "camelcase": {
            "version": "1.2.1",
            "resolved": "https://registry.npmjs.org/camelcase/-/camelcase-1.2.1.tgz",
            "integrity": "sha1-m7UwTS4LVmmLLHWLCKPqqdqlijk="
        },
        "change-case": {
            "version": "2.1.6",
            "resolved": "https://registry.npmjs.org/change-case/-/change-case-2.1.6.tgz",
            "integrity": "sha1-UUryBRMVimj+fwDf9MMy1sKY0vk=",
            "requires": {
                "camel-case": "^1.0.0",
                "constant-case": "^1.0.0",
                "dot-case": "^1.0.0",
                "is-lower-case": "^1.0.0",
                "is-upper-case": "^1.0.0",
                "lower-case": "^1.0.0",
                "param-case": "^1.0.0",
                "pascal-case": "^1.0.0",
                "path-case": "^1.0.0",
                "sentence-case": "^1.0.0",
                "snake-case": "^1.0.0",
                "swap-case": "^1.0.0",
                "title-case": "^1.0.0",
                "upper-case": "^1.0.0",
                "upper-case-first": "^1.0.0"
            }
        },
        "clean-css": {
            "version": "2.2.23",
            "resolved": "https://registry.npmjs.org/clean-css/-/clean-css-2.2.23.tgz",
            "integrity": "sha1-BZC1R4tRbEkD7cLYm9P9vdKGMow=",
            "requires": {
                "commander": "2.2.x"
            }
        },
        "cli": {
            "version": "0.6.6",
            "resolved": "https://registry.npmjs.org/cli/-/cli-0.6.6.tgz",
            "integrity": "sha1-Aq1Eo4Cr8nraxebwzdewQ9dMU+M=",
            "requires": {
                "exit": "0.1.2",
                "glob": "~ 3.2.1"
            }
        },
        "commander": {
            "version": "2.2.0",
            "resolved": "https://registry.npmjs.org/commander/-/commander-2.2.0.tgz",
            "integrity": "sha1-F1rUuTF/P/YV8gHB5XIk9Vo+kd8="
        },
        "constant-case": {
            "version": "1.1.2",
            "resolved": "https://registry.npmjs.org/constant-case/-/constant-case-1.1.2.tgz",
            "integrity": "sha1-jsLKW6ND4Aqjjb9OIA/VrJB+/WM=",
            "requires": {
                "snake-case": "^1.1.0",
                "upper-case": "^1.1.1"
            }
        },
        "decamelize": {
            "version": "1.2.0",
            "resolved": "https://registry.npmjs.org/decamelize/-/decamelize-1.2.0.tgz",
            "integrity": "sha1-9lNNFRSCabIDUue+4m9QH5oZEpA="
        },
        "dot-case": {
            "version": "1.1.2",
            "resolved": "https://registry.npmjs.org/dot-case/-/dot-case-1.1.2.tgz",
            "integrity": "sha1-HnOCaQDeKNbeVIC8HeMdCEKwa+w=",
            "requires": {
                "sentence-case": "^1.1.2"
            }
        },
        "exit": {
            "version": "0.1.2",
            "resolved": "https://registry.npmjs.org/exit/-/exit-0.1.2.tgz",
            "integrity": "sha1-BjJjj42HfMghB9MKD/8aF8uhzQw="
        },
        "glob": {
            "version": "3.2.11",
            "resolved": "https://registry.npmjs.org/glob/-/glob-3.2.11.tgz",
            "integrity": "sha1-Spc/Y1uRkPcV0QmH1cAP0oFevj0=",
            "requires": {
                "inherits": "2",
                "minimatch": "0.3"
            }
        },
        "html-minifier": {
            "version": "0.6.9",
            "resolved": "https://registry.npmjs.org/html-minifier/-/html-minifier-0.6.9.tgz",
            "integrity": "sha1-UQXcI29efhqLplHUq5gThvx6vlM=",
            "requires": {
                "change-case": "2.1.x",
                "clean-css": "2.2.x",
                "cli": "0.6.x",
                "relateurl": "0.2.x",
                "uglify-js": "2.4.x"
            }
        },
        "inherits": {
            "version": "2.0.4",
            "resolved": "https://registry.npmjs.org/inherits/-/inherits-2.0.4.tgz",
            "integrity": "sha512-k/vGaX4/Yla3WzyMCvTQOXYeIHvqOKtnqBduzTHpzpQZzAskKMhZ2K+EnBiSM9zGSoIFeMpXKxa4dYeZIQqewQ=="
        },
        "is-lower-case": {
            "version": "1.1.3",
            "resolved": "https://registry.npmjs.org/is-lower-case/-/is-lower-case-1.1.3.tgz",
            "integrity": "sha1-fhR75HaNxGbbO/shzGCzHmrWk5M=",
            "requires": {
                "lower-case": "^1.1.0"
            }
        },
        "is-upper-case": {
            "version": "1.1.2",
            "resolved": "https://registry.npmjs.org/is-upper-case/-/is-upper-case-1.1.2.tgz",
            "integrity": "sha1-jQsfp+eTOh5YSDYA7H2WYcuvdW8=",
            "requires": {
                "upper-case": "^1.1.0"
            }
        },
        "lower-case": {
            "version": "1.1.4",
            "resolved": "https://registry.npmjs.org/lower-case/-/lower-case-1.1.4.tgz",
            "integrity": "sha1-miyr0bno4K6ZOkv31YdcOcQujqw="
        },
        "lru-cache": {
            "version": "2.7.3",
            "resolved": "https://registry.npmjs.org/lru-cache/-/lru-cache-2.7.3.tgz",
            "integrity": "sha1-bUUk6LlV+V1PW1iFHOId1y+06VI="
        },
        "macgyver": {
            "version": "1.10.1",
            "resolved": "https://registry.npmjs.org/macgyver/-/macgyver-1.10.1.tgz",
            "integrity": "sha1-sJ0VmdizbtWxb1lYlRXZ0UvC/Yg="
        },
        "minimatch": {
            "version": "0.3.0",
            "resolved": "https://registry.npmjs.org/minimatch/-/minimatch-0.3.0.tgz",
            "integrity": "sha1-J12O2qxPG7MyZHIInnlJyDlGmd0=",
            "requires": {
                "lru-cache": "2",
                "sigmund": "~1.0.0"
            }
        },
        "moment": {
            "version": "2.10.2",
            "resolved": "https://registry.npmjs.org/moment/-/moment-2.10.2.tgz",
            "integrity": "sha1-+vjAnKgvA/lJYuO1pyOSY+pQ0Ic="
        },
        "param-case": {
            "version": "1.1.2",
            "resolved": "https://registry.npmjs.org/param-case/-/param-case-1.1.2.tgz",
            "integrity": "sha1-3LCRpDwlm5Io8cNB57akTqC/l0M=",
            "requires": {
                "sentence-case": "^1.1.2"
            }
        },
        "pascal-case": {
            "version": "1.1.2",
            "resolved": "https://registry.npmjs.org/pascal-case/-/pascal-case-1.1.2.tgz",
            "integrity": "sha1-Pl1kogBDgwp8STRMLXS0G+DJyZs=",
            "requires": {
                "camel-case": "^1.1.1",
                "upper-case-first": "^1.1.0"
            }
        },
        "path-case": {
            "version": "1.1.2",
            "resolved": "https://registry.npmjs.org/path-case/-/path-case-1.1.2.tgz",
            "integrity": "sha1-UM5roNO+090LXCqcRVNpdDRAlRQ=",
            "requires": {
                "sentence-case": "^1.1.2"
            }
        },
        "relateurl": {
            "version": "0.2.7",
            "resolved": "https://registry.npmjs.org/relateurl/-/relateurl-0.2.7.tgz",
            "integrity": "sha1-VNvzd+UUQKypCkzSdGANP/LYiKk="
        },
        "sentence-case": {
            "version": "1.1.3",
            "resolved": "https://registry.npmjs.org/sentence-case/-/sentence-case-1.1.3.tgz",
            "integrity": "sha1-gDSq/CFFdy06vhUJqkLJ4QQtwTk=",
            "requires": {
                "lower-case": "^1.1.1"
            }
        },
        "sigmund": {
            "version": "1.0.1",
            "resolved": "https://registry.npmjs.org/sigmund/-/sigmund-1.0.1.tgz",
            "integrity": "sha1-P/IfGYytIXX587eBhT/ZTQ0ZtZA="
        },
        "snake-case": {
            "version": "1.1.2",
            "resolved": "https://registry.npmjs.org/snake-case/-/snake-case-1.1.2.tgz",
            "integrity": "sha1-DC8l4wUVjZoY09l3BmGH/vilpmo=",
            "requires": {
                "sentence-case": "^1.1.2"
            }
        },
        "source-map": {
            "version": "0.1.34",
            "resolved": "https://registry.npmjs.org/source-map/-/source-map-0.1.34.tgz",
            "integrity": "sha1-p8/omux7FoLDsZjQrPtH19CQVms=",
            "requires": {
                "amdefine": ">=0.0.4"
            }
        },
        "stream-spec": {
            "version": "0.3.6",
            "resolved": "https://registry.npmjs.org/stream-spec/-/stream-spec-0.3.6.tgz",
            "integrity": "sha1-L92sSge/Pp+JY8Z3prWmzCEVJV4=",
            "requires": {
                "macgyver": "~1.10"
            }
        },
        "stringify": {
            "version": "3.1.0",
            "resolved": "https://registry.npmjs.org/stringify/-/stringify-3.1.0.tgz",
            "integrity": "sha1-/Wh8NqktGq8JrKvJ5V1RtWcwMis=",
            "requires": {
                "html-minifier": "^0.6.9",
                "stream-spec": "~0.3.5",
                "through": "^2.3.4"
            }
        },
        "swap-case": {
            "version": "1.1.2",
            "resolved": "https://registry.npmjs.org/swap-case/-/swap-case-1.1.2.tgz",
            "integrity": "sha1-w5IDpFhzhfrTyFCgvRvK+ggZdOM=",
            "requires": {
                "lower-case": "^1.1.1",
                "upper-case": "^1.1.1"
            }
        },
        "through": {
            "version": "2.3.8",
            "resolved": "https://registry.npmjs.org/through/-/through-2.3.8.tgz",
            "integrity": "sha1-DdTJ/6q8NXlgsbckEV1+Doai4fU="
        },
        "title-case": {
            "version": "1.1.2",
            "resolved": "https://registry.npmjs.org/title-case/-/title-case-1.1.2.tgz",
            "integrity": "sha1-+uSmrlRr+iLQg6DuqRCkDRLtT1o=",
            "requires": {
                "sentence-case": "^1.1.1",
                "upper-case": "^1.0.3"
            }
        },
        "uglify-js": {
            "version": "2.4.24",
            "resolved": "https://registry.npmjs.org/uglify-js/-/uglify-js-2.4.24.tgz",
            "integrity": "sha1-+tV1XB4Vd2WLsG/5q25UjJW+vW4=",
            "requires": {
                "async": "~0.2.6",
                "source-map": "0.1.34",
                "uglify-to-browserify": "~1.0.0",
                "yargs": "~3.5.4"
            }
        },
        "uglify-to-browserify": {
            "version": "1.0.2",
            "resolved": "https://registry.npmjs.org/uglify-to-browserify/-/uglify-to-browserify-1.0.2.tgz",
            "integrity": "sha1-bgkk1r2mta/jSeOabWMoUKD4grc="
        },
        "upper-case": {
            "version": "1.1.3",
            "resolved": "https://registry.npmjs.org/upper-case/-/upper-case-1.1.3.tgz",
            "integrity": "sha1-9rRQHC7EzdJrp4vnIilh3ndiFZg="
        },
        "upper-case-first": {
            "version": "1.1.2",
            "resolved": "https://registry.npmjs.org/upper-case-first/-/upper-case-first-1.1.2.tgz",
            "integrity": "sha1-XXm+3P8UQZUY/S7bCgUHybaFkRU=",
            "requires": {
                "upper-case": "^1.1.1"
            }
        },
        "window-size": {
            "version": "0.1.0",
            "resolved": "https://registry.npmjs.org/window-size/-/window-size-0.1.0.tgz",
            "integrity": "sha1-VDjNLqk7IC76Ohn+iIeu58lPnJ0="
        },
        "wordwrap": {
            "version": "0.0.2",
            "resolved": "https://registry.npmjs.org/wordwrap/-/wordwrap-0.0.2.tgz",
            "integrity": "sha1-t5Zpu0LstAn4PVg8rVLKF+qhZD8="
        },
        "yargs": {
            "version": "3.5.4",
            "resolved": "https://registry.npmjs.org/yargs/-/yargs-3.5.4.tgz",
            "integrity": "sha1-2K/49mXpTDS9JZvevRv68N3TU2E=",
            "requires": {
                "camelcase": "^1.0.2",
                "decamelize": "^1.0.0",
                "window-size": "0.1.0",
                "wordwrap": "0.0.2"
            }
        }
    }
}
